# ST-12 pinned test and dependency-audit tooling.
# Install the backend package first with: python -m pip install -e ./backend
# Then install this lock from repository root with:
# python -m pip install -r backend/requirements-test.lock
httpx==0.28.1
pytest==9.0.3
pip-audit==2.10.1

# Audit the installer too; pip 26.2 fixes package extraction/index URL advisories.
pip==26.2
